// !$*UTF8*$!
{
	archiveVersion = 1;
	classes = {
	};
	objectVersion = 51;
	objects = {

/* Begin PBXBuildFile section */
		0637206123ADA61100255474 /* Assets.xcassets in Resources */ = {isa = PBXBuildFile; fileRef = 0637205523ADA61100255474 /* Assets.xcassets */; };
		0637206223ADA61100255474 /* LaunchScreen.storyboard in Resources */ = {isa = PBXBuildFile; fileRef = 0637205623ADA61100255474 /* LaunchScreen.storyboard */; };
		0637206323ADA61100255474 /* Dingo Driver.storyboard in Resources */ = {isa = PBXBuildFile; fileRef = 0637205823ADA61100255474 /* Dingo Driver.storyboard */; };
		0637206523ADA61100255474 /* ConnectionListViewController.swift in Sources */ = {isa = PBXBuildFile; fileRef = 0637205E23ADA61100255474 /* ConnectionListViewController.swift */; };
		0637206623ADA61100255474 /* ApplicationDelegate.swift in Sources */ = {isa = PBXBuildFile; fileRef = 0637205F23ADA61100255474 /* ApplicationDelegate.swift */; };
		0637206723ADA61100255474 /* SceneDelegate.swift in Sources */ = {isa = PBXBuildFile; fileRef = 0637206023ADA61100255474 /* SceneDelegate.swift */; };
		0637206B23ADA62200255474 /* Tests.swift in Sources */ = {isa = PBXBuildFile; fileRef = 0637206923ADA62200255474 /* Tests.swift */; };
		06CEE5F223ADC75E00FCC637 /* AddConnectionViewController.swift in Sources */ = {isa = PBXBuildFile; fileRef = 06CEE5F123ADC75E00FCC637 /* AddConnectionViewController.swift */; };
		06CEE5F523ADCC9200FCC637 /* Connection.swift in Sources */ = {isa = PBXBuildFile; fileRef = 06CEE5F423ADCC9200FCC637 /* Connection.swift */; };
		06CEE5F823ADD06800FCC637 /* ConnectionDiskPersistence.swift in Sources */ = {isa = PBXBuildFile; fileRef = 06CEE5F723ADD06800FCC637 /* ConnectionDiskPersistence.swift */; };
		06CEE5FB23AE410A00FCC637 /* RemoteControlViewController.swift in Sources */ = {isa = PBXBuildFile; fileRef = 06CEE5FA23AE410A00FCC637 /* RemoteControlViewController.swift */; };
		06CEE5FE23AE419100FCC637 /* CMMotionManager+Utils.swift in Sources */ = {isa = PBXBuildFile; fileRef = 06CEE5FD23AE419100FCC637 /* CMMotionManager+Utils.swift */; };
		6455C7FFEF5EA84D838273A8 /* Pods_Dingo_Driver.framework in Frameworks */ = {isa = PBXBuildFile; fileRef = EF8E600AAF77873E9EEA5511 /* Pods_Dingo_Driver.framework */; };
/* End PBXBuildFile section */

/* Begin PBXContainerItemProxy section */
		0637204523ADA5A800255474 /* PBXContainerItemProxy */ = {
			isa = PBXContainerItemProxy;
			containerPortal = 0637202623ADA5A700255474 /* Project object */;
			proxyType = 1;
			remoteGlobalIDString = 0637202D23ADA5A700255474;
			remoteInfo = "Dingo Driver";
		};
/* End PBXContainerItemProxy section */

/* Begin PBXFileReference section */
		0637202E23ADA5A700255474 /* Dingo Driver.app */ = {isa = PBXFileReference; explicitFileType = wrapper.application; includeInIndex = 0; path = "Dingo Driver.app"; sourceTree = BUILT_PRODUCTS_DIR; };
		0637204423ADA5A800255474 /* Dingo DriverTests.xctest */ = {isa = PBXFileReference; explicitFileType = wrapper.cfbundle; includeInIndex = 0; path = "Dingo DriverTests.xctest"; sourceTree = BUILT_PRODUCTS_DIR; };
		0637205523ADA61100255474 /* Assets.xcassets */ = {isa = PBXFileReference; lastKnownFileType = folder.assetcatalog; path = Assets.xcassets; sourceTree = "<group>"; };
		0637205723ADA61100255474 /* Base */ = {isa = PBXFileReference; lastKnownFileType = file.storyboard; name = Base; path = Base.lproj/LaunchScreen.storyboard; sourceTree = "<group>"; };
		0637205923ADA61100255474 /* Base */ = {isa = PBXFileReference; lastKnownFileType = file.storyboard; name = Base; path = "Base.lproj/Dingo Driver.storyboard"; sourceTree = "<group>"; };
		0637205B23ADA61100255474 /* Info.plist */ = {isa = PBXFileReference; fileEncoding = 4; lastKnownFileType = text.plist.xml; path = Info.plist; sourceTree = "<group>"; };
		0637205E23ADA61100255474 /* ConnectionListViewController.swift */ = {isa = PBXFileReference; fileEncoding = 4; lastKnownFileType = sourcecode.swift; path = ConnectionListViewController.swift; sourceTree = "<group>"; };
		0637205F23ADA61100255474 /* ApplicationDelegate.swift */ = {isa = PBXFileReference; fileEncoding = 4; lastKnownFileType = sourcecode.swift; path = ApplicationDelegate.swift; sourceTree = "<group>"; };
		0637206023ADA61100255474 /* SceneDelegate.swift */ = {isa = PBXFileReference; fileEncoding = 4; lastKnownFileType = sourcecode.swift; path = SceneDelegate.swift; sourceTree = "<group>"; };
		0637206923ADA62200255474 /* Tests.swift */ = {isa = PBXFileReference; fileEncoding = 4; lastKnownFileType = sourcecode.swift; path = Tests.swift; sourceTree = "<group>"; };
		0637206A23ADA62200255474 /* Info.plist */ = {isa = PBXFileReference; fileEncoding = 4; lastKnownFileType = text.plist.xml; path = Info.plist; sourceTree = "<group>"; };
		06CEE5F123ADC75E00FCC637 /* AddConnectionViewController.swift */ = {isa = PBXFileReference; lastKnownFileType = sourcecode.swift; path = AddConnectionViewController.swift; sourceTree = "<group>"; };
		06CEE5F423ADCC9200FCC637 /* Connection.swift */ = {isa = PBXFileReference; lastKnownFileType = sourcecode.swift; path = Connection.swift; sourceTree = "<group>"; };
		06CEE5F723ADD06800FCC637 /* ConnectionDiskPersistence.swift */ = {isa = PBXFileReference; lastKnownFileType = sourcecode.swift; path = ConnectionDiskPersistence.swift; sourceTree = "<group>"; };
		06CEE5FA23AE410A00FCC637 /* RemoteControlViewController.swift */ = {isa = PBXFileReference; lastKnownFileType = sourcecode.swift; path = RemoteControlViewController.swift; sourceTree = "<group>"; };
		06CEE5FD23AE419100FCC637 /* CMMotionManager+Utils.swift */ = {isa = PBXFileReference; lastKnownFileType = sourcecode.swift; path = "CMMotionManager+Utils.swift"; sourceTree = "<group>"; };
		3FF9E1A39275592D2E67DF87 /* Pods-Dingo Driver.release.xcconfig */ = {isa = PBXFileReference; includeInIndex = 1; lastKnownFileType = text.xcconfig; name = "Pods-Dingo Driver.release.xcconfig"; path = "Target Support Files/Pods-Dingo Driver/Pods-Dingo Driver.release.xcconfig"; sourceTree = "<group>"; };
		A2A2126CA9DC485B76647BEF /* Pods-Dingo Driver.debug.xcconfig */ = {isa = PBXFileReference; includeInIndex = 1; lastKnownFileType = text.xcconfig; name = "Pods-Dingo Driver.debug.xcconfig"; path = "Target Support Files/Pods-Dingo Driver/Pods-Dingo Driver.debug.xcconfig"; sourceTree = "<group>"; };
		EF8E600AAF77873E9EEA5511 /* Pods_Dingo_Driver.framework */ = {isa = PBXFileReference; explicitFileType = wrapper.framework; includeInIndex = 0; path = Pods_Dingo_Driver.framework; sourceTree = BUILT_PRODUCTS_DIR; };
/* End PBXFileReference section */

/* Begin PBXFrameworksBuildPhase section */
		0637202B23ADA5A700255474 /* Frameworks */ = {
			isa = PBXFrameworksBuildPhase;
			buildActionMask = 2147483647;
			files = (
				6455C7FFEF5EA84D838273A8 /* Pods_Dingo_Driver.framework in Frameworks */,
			);
			runOnlyForDeploymentPostprocessing = 0;
		};
		0637204123ADA5A800255474 /* Frameworks */ = {
			isa = PBXFrameworksBuildPhase;
			buildActionMask = 2147483647;
			files = (
			);
			runOnlyForDeploymentPostprocessing = 0;
		};
/* End PBXFrameworksBuildPhase section */

/* Begin PBXGroup section */
		0637202523ADA5A700255474 = {
			isa = PBXGroup;
			children = (
				0637205323ADA61100255474 /* Dingo Driver */,
				0637202F23ADA5A700255474 /* Products */,
				0637206823ADA62200255474 /* Tests */,
				5882E8D9C4E76512BB934053 /* Pods */,
				CA25F12CCA434F2015FE40F9 /* Frameworks */,
			);
			sourceTree = "<group>";
		};
		0637202F23ADA5A700255474 /* Products */ = {
			isa = PBXGroup;
			children = (
				0637202E23ADA5A700255474 /* Dingo Driver.app */,
				0637204423ADA5A800255474 /* Dingo DriverTests.xctest */,
			);
			name = Products;
			sourceTree = "<group>";
		};
		0637205323ADA61100255474 /* Dingo Driver */ = {
			isa = PBXGroup;
			children = (
				0637205F23ADA61100255474 /* ApplicationDelegate.swift */,
				0637206023ADA61100255474 /* SceneDelegate.swift */,
				0637205C23ADA61100255474 /* Application */,
				06CEE5F323ADCC7D00FCC637 /* Models */,
				06CEE5F623ADD05100FCC637 /* Persistence */,
				0637205423ADA61100255474 /* Resources */,
				06CEE5FC23AE418100FCC637 /* Utilities */,
			);
			path = "Dingo Driver";
			sourceTree = "<group>";
		};
		0637205423ADA61100255474 /* Resources */ = {
			isa = PBXGroup;
			children = (
				0637205523ADA61100255474 /* Assets.xcassets */,
				0637205623ADA61100255474 /* LaunchScreen.storyboard */,
				0637205823ADA61100255474 /* Dingo Driver.storyboard */,
				0637205A23ADA61100255474 /* Supporting Files */,
			);
			path = Resources;
			sourceTree = "<group>";
		};
		0637205A23ADA61100255474 /* Supporting Files */ = {
			isa = PBXGroup;
			children = (
				0637205B23ADA61100255474 /* Info.plist */,
			);
			path = "Supporting Files";
			sourceTree = "<group>";
		};
		0637205C23ADA61100255474 /* Application */ = {
			isa = PBXGroup;
			children = (
				06CEE5F023ADC74E00FCC637 /* Add Connection */,
				0637205D23ADA61100255474 /* Connection List */,
				06CEE5F923AE406200FCC637 /* Remote Control */,
			);
			path = Application;
			sourceTree = "<group>";
		};
		0637205D23ADA61100255474 /* Connection List */ = {
			isa = PBXGroup;
			children = (
				0637205E23ADA61100255474 /* ConnectionListViewController.swift */,
			);
			path = "Connection List";
			sourceTree = "<group>";
		};
		0637206823ADA62200255474 /* Tests */ = {
			isa = PBXGroup;
			children = (
				0637206923ADA62200255474 /* Tests.swift */,
				0637206A23ADA62200255474 /* Info.plist */,
			);
			path = Tests;
			sourceTree = "<group>";
		};
		06CEE5F023ADC74E00FCC637 /* Add Connection */ = {
			isa = PBXGroup;
			children = (
				06CEE5F123ADC75E00FCC637 /* AddConnectionViewController.swift */,
			);
			path = "Add Connection";
			sourceTree = "<group>";
		};
		06CEE5F323ADCC7D00FCC637 /* Models */ = {
			isa = PBXGroup;
			children = (
				06CEE5F423ADCC9200FCC637 /* Connection.swift */,
			);
			path = Models;
			sourceTree = "<group>";
		};
		06CEE5F623ADD05100FCC637 /* Persistence */ = {
			isa = PBXGroup;
			children = (
				06CEE5F723ADD06800FCC637 /* ConnectionDiskPersistence.swift */,
			);
			path = Persistence;
			sourceTree = "<group>";
		};
		06CEE5F923AE406200FCC637 /* Remote Control */ = {
			isa = PBXGroup;
			children = (
				06CEE5FA23AE410A00FCC637 /* RemoteControlViewController.swift */,
			);
			path = "Remote Control";
			sourceTree = "<group>";
		};
		06CEE5FC23AE418100FCC637 /* Utilities */ = {
			isa = PBXGroup;
			children = (
				06CEE5FD23AE419100FCC637 /* CMMotionManager+Utils.swift */,
			);
			path = Utilities;
			sourceTree = "<group>";
		};
		5882E8D9C4E76512BB934053 /* Pods */ = {
			isa = PBXGroup;
			children = (
				A2A2126CA9DC485B76647BEF /* Pods-Dingo Driver.debug.xcconfig */,
				3FF9E1A39275592D2E67DF87 /* Pods-Dingo Driver.release.xcconfig */,
			);
			path = Pods;
			sourceTree = "<group>";
		};
		CA25F12CCA434F2015FE40F9 /* Frameworks */ = {
			isa = PBXGroup;
			children = (
				EF8E600AAF77873E9EEA5511 /* Pods_Dingo_Driver.framework */,
			);
			name = Frameworks;
			sourceTree = "<group>";
		};
/* End PBXGroup section */

/* Begin PBXNativeTarget section */
		0637202D23ADA5A700255474 /* Dingo Driver */ = {
			isa = PBXNativeTarget;
			buildConfigurationList = 0637204D23ADA5A800255474 /* Build configuration list for PBXNativeTarget "Dingo Driver" */;
			buildPhases = (
				A7901719DC120BEAC4FCE2C3 /* [CP] Check Pods Manifest.lock */,
				0637202A23ADA5A700255474 /* Sources */,
				0637202B23ADA5A700255474 /* Frameworks */,
				0637202C23ADA5A700255474 /* Resources */,
				26B0DA0FA48BDB8172D13A51 /* [CP] Embed Pods Frameworks */,
			);
			buildRules = (
			);
			dependencies = (
			);
			name = "Dingo Driver";
			productName = "Dingo Driver";
			productReference = 0637202E23ADA5A700255474 /* Dingo Driver.app */;
			productType = "com.apple.product-type.application";
		};
		0637204323ADA5A800255474 /* Dingo DriverTests */ = {
			isa = PBXNativeTarget;
			buildConfigurationList = 0637205023ADA5A800255474 /* Build configuration list for PBXNativeTarget "Dingo DriverTests" */;
			buildPhases = (
				0637204023ADA5A800255474 /* Sources */,
				0637204123ADA5A800255474 /* Frameworks */,
				0637204223ADA5A800255474 /* Resources */,
			);
			buildRules = (
			);
			dependencies = (
				0637204623ADA5A800255474 /* PBXTargetDependency */,
			);
			name = "Dingo DriverTests";
			productName = "Dingo DriverTests";
			productReference = 0637204423ADA5A800255474 /* Dingo DriverTests.xctest */;
			productType = "com.apple.product-type.bundle.unit-test";
		};
/* End PBXNativeTarget section */

/* Begin PBXProject section */
		0637202623ADA5A700255474 /* Project object */ = {
			isa = PBXProject;
			attributes = {
				LastSwiftUpdateCheck = 1120;
				LastUpgradeCheck = 1120;
				ORGANIZATIONNAME = "Gavan Chan";
				TargetAttributes = {
					0637202D23ADA5A700255474 = {
						CreatedOnToolsVersion = 11.2;
					};
					0637204323ADA5A800255474 = {
						CreatedOnToolsVersion = 11.2;
						TestTargetID = 0637202D23ADA5A700255474;
					};
				};
			};
			buildConfigurationList = 0637202923ADA5A700255474 /* Build configuration list for PBXProject "Dingo Driver" */;
			compatibilityVersion = "Xcode 9.3";
			developmentRegion = en;
			hasScannedForEncodings = 0;
			knownRegions = (
				en,
				Base,
			);
			mainGroup = 0637202523ADA5A700255474;
			productRefGroup = 0637202F23ADA5A700255474 /* Products */;
			projectDirPath = "";
			projectRoot = "";
			targets = (
				0637202D23ADA5A700255474 /* Dingo Driver */,
				0637204323ADA5A800255474 /* Dingo DriverTests */,
			);
		};
/* End PBXProject section */

/* Begin PBXResourcesBuildPhase section */
		0637202C23ADA5A700255474 /* Resources */ = {
			isa = PBXResourcesBuildPhase;
			buildActionMask = 2147483647;
			files = (
				0637206323ADA61100255474 /* Dingo Driver.storyboard in Resources */,
				0637206123ADA61100255474 /* Assets.xcassets in Resources */,
				0637206223ADA61100255474 /* LaunchScreen.storyboard in Resources */,
			);
			runOnlyForDeploymentPostprocessing = 0;
		};
		0637204223ADA5A800255474 /* Resources */ = {
			isa = PBXResourcesBuildPhase;
			buildActionMask = 2147483647;
			files = (
			);
			runOnlyForDeploymentPostprocessing = 0;
		};
/* End PBXResourcesBuildPhase section */

/* Begin PBXShellScriptBuildPhase section */
		26B0DA0FA48BDB8172D13A51 /* [CP] Embed Pods Frameworks */ = {
			isa = PBXShellScriptBuildPhase;
			buildActionMask = 2147483647;
			files = (
			);
			inputFileListPaths = (
				"${PODS_ROOT}/Target Support Files/Pods-Dingo Driver/Pods-Dingo Driver-frameworks-${CONFIGURATION}-input-files.xcfilelist",
			);
			name = "[CP] Embed Pods Frameworks";
			outputFileListPaths = (
				"${PODS_ROOT}/Target Support Files/Pods-Dingo Driver/Pods-Dingo Driver-frameworks-${CONFIGURATION}-output-files.xcfilelist",
			);
			runOnlyForDeploymentPostprocessing = 0;
			shellPath = /bin/sh;
			shellScript = "\"${PODS_ROOT}/Target Support Files/Pods-Dingo Driver/Pods-Dingo Driver-frameworks.sh\"\n";
			showEnvVarsInLog = 0;
		};
		A7901719DC120BEAC4FCE2C3 /* [CP] Check Pods Manifest.lock */ = {
			isa = PBXShellScriptBuildPhase;
			buildActionMask = 2147483647;
			files = (
			);
			inputFileListPaths = (
			);
			inputPaths = (
				"${PODS_PODFILE_DIR_PATH}/Podfile.lock",
				"${PODS_ROOT}/Manifest.lock",
			);
			name = "[CP] Check Pods Manifest.lock";
			outputFileListPaths = (
			);
			outputPaths = (
				"$(DERIVED_FILE_DIR)/Pods-Dingo Driver-checkManifestLockResult.txt",
			);
			runOnlyForDeploymentPostprocessing = 0;
			shellPath = /bin/sh;
			shellScript = "diff \"${PODS_PODFILE_DIR_PATH}/Podfile.lock\" \"${PODS_ROOT}/Manifest.lock\" > /dev/null\nif [ $? != 0 ] ; then\n    # print error to STDERR\n    echo \"error: The sandbox is not in sync with the Podfile.lock. Run 'pod install' or update your CocoaPods installation.\" >&2\n    exit 1\nfi\n# This output is used by Xcode 'outputs' to avoid re-running this script phase.\necho \"SUCCESS\" > \"${SCRIPT_OUTPUT_FILE_0}\"\n";
			showEnvVarsInLog = 0;
		};
/* End PBXShellScriptBuildPhase section */

/* Begin PBXSourcesBuildPhase section */
		0637202A23ADA5A700255474 /* Sources */ = {
			isa = PBXSourcesBuildPhase;
			buildActionMask = 2147483647;
			files = (
				06CEE5F823ADD06800FCC637 /* ConnectionDiskPersistence.swift in Sources */,
				06CEE5FB23AE410A00FCC637 /* RemoteControlViewController.swift in Sources */,
				0637206523ADA61100255474 /* ConnectionListViewController.swift in Sources */,
				06CEE5F223ADC75E00FCC637 /* AddConnectionViewController.swift in Sources */,
				06CEE5F523ADCC9200FCC637 /* Connection.swift in Sources */,
				0637206623ADA61100255474 /* ApplicationDelegate.swift in Sources */,
				0637206723ADA61100255474 /* SceneDelegate.swift in Sources */,
				06CEE5FE23AE419100FCC637 /* CMMotionManager+Utils.swift in Sources */,
			);
			runOnlyForDeploymentPostprocessing = 0;
		};
		0637204023ADA5A800255474 /* Sources */ = {
			isa = PBXSourcesBuildPhase;
			buildActionMask = 2147483647;
			files = (
				0637206B23ADA62200255474 /* Tests.swift in Sources */,
			);
			runOnlyForDeploymentPostprocessing = 0;
		};
/* End PBXSourcesBuildPhase section */

/* Begin PBXTargetDependency section */
		0637204623ADA5A800255474 /* PBXTargetDependency */ = {
			isa = PBXTargetDependency;
			target = 0637202D23ADA5A700255474 /* Dingo Driver */;
			targetProxy = 0637204523ADA5A800255474 /* PBXContainerItemProxy */;
		};
/* End PBXTargetDependency section */

/* Begin PBXVariantGroup section */
		0637205623ADA61100255474 /* LaunchScreen.storyboard */ = {
			isa = PBXVariantGroup;
			children = (
				0637205723ADA61100255474 /* Base */,
			);
			name = LaunchScreen.storyboard;
			sourceTree = "<group>";
		};
		0637205823ADA61100255474 /* Dingo Driver.storyboard */ = {
			isa = PBXVariantGroup;
			children = (
				0637205923ADA61100255474 /* Base */,
			);
			name = "Dingo Driver.storyboard";
			sourceTree = "<group>";
		};
/* End PBXVariantGroup section */

/* Begin XCBuildConfiguration section */
		0637204B23ADA5A800255474 /* Debug */ = {
			isa = XCBuildConfiguration;
			buildSettings = {
				ALWAYS_SEARCH_USER_PATHS = NO;
				CLANG_ANALYZER_NONNULL = YES;
				CLANG_ANALYZER_NUMBER_OBJECT_CONVERSION = YES_AGGRESSIVE;
				CLANG_CXX_LANGUAGE_STANDARD = "gnu++14";
				CLANG_CXX_LIBRARY = "libc++";
				CLANG_ENABLE_MODULES = YES;
				CLANG_ENABLE_OBJC_ARC = YES;
				CLANG_ENABLE_OBJC_WEAK = YES;
				CLANG_WARN_BLOCK_CAPTURE_AUTORELEASING = YES;
				CLANG_WARN_BOOL_CONVERSION = YES;
				CLANG_WARN_COMMA = YES;
				CLANG_WARN_CONSTANT_CONVERSION = YES;
				CLANG_WARN_DEPRECATED_OBJC_IMPLEMENTATIONS = YES;
				CLANG_WARN_DIRECT_OBJC_ISA_USAGE = YES_ERROR;
				CLANG_WARN_DOCUMENTATION_COMMENTS = YES;
				CLANG_WARN_EMPTY_BODY = YES;
				CLANG_WARN_ENUM_CONVERSION = YES;
				CLANG_WARN_INFINITE_RECURSION = YES;
				CLANG_WARN_INT_CONVERSION = YES;
				CLANG_WARN_NON_LITERAL_NULL_CONVERSION = YES;
				CLANG_WARN_OBJC_IMPLICIT_RETAIN_SELF = YES;
				CLANG_WARN_OBJC_LITERAL_CONVERSION = YES;
				CLANG_WARN_OBJC_ROOT_CLASS = YES_ERROR;
				CLANG_WARN_RANGE_LOOP_ANALYSIS = YES;
				CLANG_WARN_STRICT_PROTOTYPES = YES;
				CLANG_WARN_SUSPICIOUS_MOVE = YES;
				CLANG_WARN_UNGUARDED_AVAILABILITY = YES_AGGRESSIVE;
				CLANG_WARN_UNREACHABLE_CODE = YES;
				CLANG_WARN__DUPLICATE_METHOD_MATCH = YES;
				COPY_PHASE_STRIP = NO;
				DEBUG_INFORMATION_FORMAT = dwarf;
				ENABLE_STRICT_OBJC_MSGSEND = YES;
				ENABLE_TESTABILITY = YES;
				GCC_C_LANGUAGE_STANDARD = gnu11;
				GCC_DYNAMIC_NO_PIC = NO;
				GCC_NO_COMMON_BLOCKS = YES;
				GCC_OPTIMIZATION_LEVEL = 0;
				GCC_PREPROCESSOR_DEFINITIONS = (
					"DEBUG=1",
					"$(inherited)",
				);
				GCC_WARN_64_TO_32_BIT_CONVERSION = YES;
				GCC_WARN_ABOUT_RETURN_TYPE = YES_ERROR;
				GCC_WARN_UNDECLARED_SELECTOR = YES;
				GCC_WARN_UNINITIALIZED_AUTOS = YES_AGGRESSIVE;
				GCC_WARN_UNUSED_FUNCTION = YES;
				GCC_WARN_UNUSED_VARIABLE = YES;
				IPHONEOS_DEPLOYMENT_TARGET = 13.2;
				MTL_ENABLE_DEBUG_INFO = INCLUDE_SOURCE;
				MTL_FAST_MATH = YES;
				ONLY_ACTIVE_ARCH = YES;
				SDKROOT = iphoneos;
				SWIFT_ACTIVE_COMPILATION_CONDITIONS = DEBUG;
				SWIFT_OPTIMIZATION_LEVEL = "-Onone";
			};
			name = Debug;
		};
		0637204C23ADA5A800255474 /* Release */ = {
			isa = XCBuildConfiguration;
			buildSettings = {
				ALWAYS_SEARCH_USER_PATHS = NO;
				CLANG_ANALYZER_NONNULL = YES;
				CLANG_ANALYZER_NUMBER_OBJECT_CONVERSION = YES_AGGRESSIVE;
				CLANG_CXX_LANGUAGE_STANDARD = "gnu++14";
				CLANG_CXX_LIBRARY = "libc++";
				CLANG_ENABLE_MODULES = YES;
				CLANG_ENABLE_OBJC_ARC = YES;
				CLANG_ENABLE_OBJC_WEAK = YES;
				CLANG_WARN_BLOCK_CAPTURE_AUTORELEASING = YES;
				CLANG_WARN_BOOL_CONVERSION = YES;
				CLANG_WARN_COMMA = YES;
				CLANG_WARN_CONSTANT_CONVERSION = YES;
				CLANG_WARN_DEPRECATED_OBJC_IMPLEMENTATIONS = YES;
				CLANG_WARN_DIRECT_OBJC_ISA_USAGE = YES_ERROR;
				CLANG_WARN_DOCUMENTATION_COMMENTS = YES;
				CLANG_WARN_EMPTY_BODY = YES;
				CLANG_WARN_ENUM_CONVERSION = YES;
				CLANG_WARN_INFINITE_RECURSION = YES;
				CLANG_WARN_INT_CONVERSION = YES;
				CLANG_WARN_NON_LITERAL_NULL_CONVERSION = YES;
				CLANG_WARN_OBJC_IMPLICIT_RETAIN_SELF = YES;
				CLANG_WARN_OBJC_LITERAL_CONVERSION = YES;
				CLANG_WARN_OBJC_ROOT_CLASS = YES_ERROR;
				CLANG_WARN_RANGE_LOOP_ANALYSIS = YES;
				CLANG_WARN_STRICT_PROTOTYPES = YES;
				CLANG_WARN_SUSPICIOUS_MOVE = YES;
				CLANG_WARN_UNGUARDED_AVAILABILITY = YES_AGGRESSIVE;
				CLANG_WARN_UNREACHABLE_CODE = YES;
				CLANG_WARN__DUPLICATE_METHOD_MATCH = YES;
				COPY_PHASE_STRIP = NO;
				DEBUG_INFORMATION_FORMAT = "dwarf-with-dsym";
				ENABLE_NS_ASSERTIONS = NO;
				ENABLE_STRICT_OBJC_MSGSEND = YES;
				GCC_C_LANGUAGE_STANDARD = gnu11;
				GCC_NO_COMMON_BLOCKS = YES;
				GCC_WARN_64_TO_32_BIT_CONVERSION = YES;
				GCC_WARN_ABOUT_RETURN_TYPE = YES_ERROR;
				GCC_WARN_UNDECLARED_SELECTOR = YES;
				GCC_WARN_UNINITIALIZED_AUTOS = YES_AGGRESSIVE;
				GCC_WARN_UNUSED_FUNCTION = YES;
				GCC_WARN_UNUSED_VARIABLE = YES;
				IPHONEOS_DEPLOYMENT_TARGET = 13.2;
				MTL_ENABLE_DEBUG_INFO = NO;
				MTL_FAST_MATH = YES;
				SDKROOT = iphoneos;
				SWIFT_COMPILATION_MODE = wholemodule;
				SWIFT_OPTIMIZATION_LEVEL = "-O";
				VALIDATE_PRODUCT = YES;
			};
			name = Release;
		};
		0637204E23ADA5A800255474 /* Debug */ = {
			isa = XCBuildConfiguration;
			baseConfigurationReference = A2A2126CA9DC485B76647BEF /* Pods-Dingo Driver.debug.xcconfig */;
			buildSettings = {
				ASSETCATALOG_COMPILER_APPICON_NAME = AppIcon;
				CODE_SIGN_STYLE = Automatic;
				DEVELOPMENT_TEAM = GAV3HJNSJX;
				INFOPLIST_FILE = "Dingo Driver/Resources/Supporting Files/Info.plist";
				LD_RUNPATH_SEARCH_PATHS = (
					"$(inherited)",
					"@executable_path/Frameworks",
				);
				PRODUCT_BUNDLE_IDENTIFIER = "au.com.UkimeNikushimi.Dingo-Driver";
				PRODUCT_NAME = "$(TARGET_NAME)";
				SWIFT_VERSION = 5.0;
				TARGETED_DEVICE_FAMILY = "1,2";
			};
			name = Debug;
		};
		0637204F23ADA5A800255474 /* Release */ = {
			isa = XCBuildConfiguration;
			baseConfigurationReference = 3FF9E1A39275592D2E67DF87 /* Pods-Dingo Driver.release.xcconfig */;
			buildSettings = {
				ASSETCATALOG_COMPILER_APPICON_NAME = AppIcon;
				CODE_SIGN_STYLE = Automatic;
				DEVELOPMENT_TEAM = GAV3HJNSJX;
				INFOPLIST_FILE = "Dingo Driver/Resources/Supporting Files/Info.plist";
				LD_RUNPATH_SEARCH_PATHS = (
					"$(inherited)",
					"@executable_path/Frameworks",
				);
				PRODUCT_BUNDLE_IDENTIFIER = "au.com.UkimeNikushimi.Dingo-Driver";
				PRODUCT_NAME = "$(TARGET_NAME)";
				SWIFT_VERSION = 5.0;
				TARGETED_DEVICE_FAMILY = "1,2";
			};
			name = Release;
		};
		0637205123ADA5A800255474 /* Debug */ = {
			isa = XCBuildConfiguration;
			buildSettings = {
				ALWAYS_EMBED_SWIFT_STANDARD_LIBRARIES = YES;
				BUNDLE_LOADER = "$(TEST_HOST)";
				CODE_SIGN_STYLE = Automatic;
				DEVELOPMENT_TEAM = GAV3HJNSJX;
				INFOPLIST_FILE = "Tests/Resources/Supporting Files/Info.plist";
				IPHONEOS_DEPLOYMENT_TARGET = 13.2;
				LD_RUNPATH_SEARCH_PATHS = (
					"$(inherited)",
					"@executable_path/Frameworks",
					"@loader_path/Frameworks",
				);
				PRODUCT_BUNDLE_IDENTIFIER = "au.com.UkimeNikushimi.Dingo-DriverTests";
				PRODUCT_NAME = "$(TARGET_NAME)";
				SWIFT_VERSION = 5.0;
				TARGETED_DEVICE_FAMILY = "1,2";
				TEST_HOST = "$(BUILT_PRODUCTS_DIR)/Dingo Driver.app/Dingo Driver";
			};
			name = Debug;
		};
		0637205223ADA5A800255474 /* Release */ = {
			isa = XCBuildConfiguration;
			buildSettings = {
				ALWAYS_EMBED_SWIFT_STANDARD_LIBRARIES = YES;
				BUNDLE_LOADER = "$(TEST_HOST)";
				CODE_SIGN_STYLE = Automatic;
				DEVELOPMENT_TEAM = GAV3HJNSJX;
				INFOPLIST_FILE = "Tests/Resources/Supporting Files/Info.plist";
				IPHONEOS_DEPLOYMENT_TARGET = 13.2;
				LD_RUNPATH_SEARCH_PATHS = (
					"$(inherited)",
					"@executable_path/Frameworks",
					"@loader_path/Frameworks",
				);
				PRODUCT_BUNDLE_IDENTIFIER = "au.com.UkimeNikushimi.Dingo-DriverTests";
				PRODUCT_NAME = "$(TARGET_NAME)";
				SWIFT_VERSION = 5.0;
				TARGETED_DEVICE_FAMILY = "1,2";
				TEST_HOST = "$(BUILT_PRODUCTS_DIR)/Dingo Driver.app/Dingo Driver";
			};
			name = Release;
		};
/* End XCBuildConfiguration section */

/* Begin XCConfigurationList section */
		0637202923ADA5A700255474 /* Build configuration list for PBXProject "Dingo Driver" */ = {
			isa = XCConfigurationList;
			buildConfigurations = (
				0637204B23ADA5A800255474 /* Debug */,
				0637204C23ADA5A800255474 /* Release */,
			);
			defaultConfigurationIsVisible = 0;
			defaultConfigurationName = Release;
		};
		0637204D23ADA5A800255474 /* Build configuration list for PBXNativeTarget "Dingo Driver" */ = {
			isa = XCConfigurationList;
			buildConfigurations = (
				0637204E23ADA5A800255474 /* Debug */,
				0637204F23ADA5A800255474 /* Release */,
			);
			defaultConfigurationIsVisible = 0;
			defaultConfigurationName = Release;
		};
		0637205023ADA5A800255474 /* Build configuration list for PBXNativeTarget "Dingo DriverTests" */ = {
			isa = XCConfigurationList;
			buildConfigurations = (
				0637205123ADA5A800255474 /* Debug */,
				0637205223ADA5A800255474 /* Release */,
			);
			defaultConfigurationIsVisible = 0;
			defaultConfigurationName = Release;
		};
/* End XCConfigurationList section */
	};
	rootObject = 0637202623ADA5A700255474 /* Project object */;
}
